// !$*UTF8*$!
{
	archiveVersion = 1;
	classes = {
	};
	objectVersion = 50;
	objects = {

/* Begin PBXBuildFile section */
		7F0B21B5253500C50054857C /* HomeListCollectionViewCell.swift in Sources */ = {isa = PBXBuildFile; fileRef = 7F0B21B4253500C50054857C /* HomeListCollectionViewCell.swift */; };
		7F0B21D0253510D50054857C /* HomeListCollectionViewCell.swift in Sources */ = {isa = PBXBuildFile; fileRef = 7F0B21B4253500C50054857C /* HomeListCollectionViewCell.swift */; };
		7F0B21E92535AF190054857C /* WKWebView+Load.swift in Sources */ = {isa = PBXBuildFile; fileRef = 7F0B21E82535AF190054857C /* WKWebView+Load.swift */; };
		7F0B21EA2535AF190054857C /* WKWebView+Load.swift in Sources */ = {isa = PBXBuildFile; fileRef = 7F0B21E82535AF190054857C /* WKWebView+Load.swift */; };
		7F533292253207DA00E86AEA /* AppDelegate.swift in Sources */ = {isa = PBXBuildFile; fileRef = 7F533291253207DA00E86AEA /* AppDelegate.swift */; };
		7F533294253207DA00E86AEA /* SceneDelegate.swift in Sources */ = {isa = PBXBuildFile; fileRef = 7F533293253207DA00E86AEA /* SceneDelegate.swift */; };
		7F533299253207DA00E86AEA /* Main.storyboard in Resources */ = {isa = PBXBuildFile; fileRef = 7F533297253207DA00E86AEA /* Main.storyboard */; };
		7F53329B253207DC00E86AEA /* Assets.xcassets in Resources */ = {isa = PBXBuildFile; fileRef = 7F53329A253207DC00E86AEA /* Assets.xcassets */; };
		7F53329E253207DC00E86AEA /* LaunchScreen.storyboard in Resources */ = {isa = PBXBuildFile; fileRef = 7F53329C253207DC00E86AEA /* LaunchScreen.storyboard */; };
		7F5332B4253207DC00E86AEA /* UniHubUITests.swift in Sources */ = {isa = PBXBuildFile; fileRef = 7F5332B3253207DC00E86AEA /* UniHubUITests.swift */; };
		7F5332DC25320D8700E86AEA /* APIError.swift in Sources */ = {isa = PBXBuildFile; fileRef = 7F5332DB25320D8600E86AEA /* APIError.swift */; };
		7F5332EB25347AD400E86AEA /* University.swift in Sources */ = {isa = PBXBuildFile; fileRef = 7F5332EA25347AD300E86AEA /* University.swift */; };
		7F5332F42534AE7A00E86AEA /* UniversityModelTests.swift in Sources */ = {isa = PBXBuildFile; fileRef = 7F5332F32534AE7A00E86AEA /* UniversityModelTests.swift */; };
		7F5333032534B8CD00E86AEA /* APIClientTests.swift in Sources */ = {isa = PBXBuildFile; fileRef = 7F5333022534B8CD00E86AEA /* APIClientTests.swift */; };
		7F53330B2534BC4200E86AEA /* NetworkUtilities.swift in Sources */ = {isa = PBXBuildFile; fileRef = 7F53330A2534BC4200E86AEA /* NetworkUtilities.swift */; };
		7F53331D2534E43B00E86AEA /* HomeListViewControllerTests.swift in Sources */ = {isa = PBXBuildFile; fileRef = 7F53331C2534E43B00E86AEA /* HomeListViewControllerTests.swift */; };
		7F53333A2534ED1200E86AEA /* University.swift in Sources */ = {isa = PBXBuildFile; fileRef = 7F5332EA25347AD300E86AEA /* University.swift */; };
		7F53333E2534ED1300E86AEA /* University.swift in Sources */ = {isa = PBXBuildFile; fileRef = 7F5332EA25347AD300E86AEA /* University.swift */; };
		7F53334A2534ED3200E86AEA /* NetworkUtilities.swift in Sources */ = {isa = PBXBuildFile; fileRef = 7F53330A2534BC4200E86AEA /* NetworkUtilities.swift */; };
		7F53334E2534ED3200E86AEA /* NetworkUtilities.swift in Sources */ = {isa = PBXBuildFile; fileRef = 7F53330A2534BC4200E86AEA /* NetworkUtilities.swift */; };
		7F53335A2534ED3800E86AEA /* APIError.swift in Sources */ = {isa = PBXBuildFile; fileRef = 7F5332DB25320D8600E86AEA /* APIError.swift */; };
		7F53335E2534ED3900E86AEA /* APIError.swift in Sources */ = {isa = PBXBuildFile; fileRef = 7F5332DB25320D8600E86AEA /* APIError.swift */; };
		7F5333662534ED4000E86AEA /* Main.storyboard in Resources */ = {isa = PBXBuildFile; fileRef = 7F533297253207DA00E86AEA /* Main.storyboard */; };
		7F5333732534EE0000E86AEA /* LaunchScreen.storyboard in Resources */ = {isa = PBXBuildFile; fileRef = 7F53329C253207DC00E86AEA /* LaunchScreen.storyboard */; };
		7F822F1825366DC400DCC63D /* AppTestData.swift in Sources */ = {isa = PBXBuildFile; fileRef = 7F822F1725366DC400DCC63D /* AppTestData.swift */; };
		7F822F232536837700DCC63D /* NetworkHandler.swift in Sources */ = {isa = PBXBuildFile; fileRef = 7F822F222536837700DCC63D /* NetworkHandler.swift */; };
		7F822F28253684C700DCC63D /* RefreshButton.swift in Sources */ = {isa = PBXBuildFile; fileRef = 7F822F27253684C700DCC63D /* RefreshButton.swift */; };
		7F822F342536E82100DCC63D /* URLProtocolMock.swift in Sources */ = {isa = PBXBuildFile; fileRef = 7F822F332536E82100DCC63D /* URLProtocolMock.swift */; };
		7F822F382536EA1700DCC63D /* NetworkHandler.swift in Sources */ = {isa = PBXBuildFile; fileRef = 7F822F222536837700DCC63D /* NetworkHandler.swift */; };
		7F822F3C2536EA1D00DCC63D /* RefreshButton.swift in Sources */ = {isa = PBXBuildFile; fileRef = 7F822F27253684C700DCC63D /* RefreshButton.swift */; };
		7F822F5E2538843600DCC63D /* UniversityViewModelTests.swift in Sources */ = {isa = PBXBuildFile; fileRef = 7F822F5D2538843600DCC63D /* UniversityViewModelTests.swift */; };
		7FAFFCDE2535B73F00C876F0 /* WKWebViewController.swift in Sources */ = {isa = PBXBuildFile; fileRef = 7FAFFCDC2535B73F00C876F0 /* WKWebViewController.swift */; };
		7FAFFCE42535B76700C876F0 /* WKWebViewController.storyboard in Resources */ = {isa = PBXBuildFile; fileRef = 7FAFFCE32535B76700C876F0 /* WKWebViewController.storyboard */; };
		7FAFFCE52535B76700C876F0 /* WKWebViewController.storyboard in Resources */ = {isa = PBXBuildFile; fileRef = 7FAFFCE32535B76700C876F0 /* WKWebViewController.storyboard */; };
		7FAFFCF02535BAD000C876F0 /* CreateAlert.swift in Sources */ = {isa = PBXBuildFile; fileRef = 7FAFFCEF2535BAD000C876F0 /* CreateAlert.swift */; };
		7FAFFCF12535BAD000C876F0 /* CreateAlert.swift in Sources */ = {isa = PBXBuildFile; fileRef = 7FAFFCEF2535BAD000C876F0 /* CreateAlert.swift */; };
		7FAFFD092535BD3800C876F0 /* CreateAlertViewUtilityTests.swift in Sources */ = {isa = PBXBuildFile; fileRef = 7FAFFD082535BD3800C876F0 /* CreateAlertViewUtilityTests.swift */; };
		7FAFFD102535BF6600C876F0 /* WKWebViewController.swift in Sources */ = {isa = PBXBuildFile; fileRef = 7FAFFCDC2535B73F00C876F0 /* WKWebViewController.swift */; };
		7FAFFD1C2535DB9E00C876F0 /* CellMainContentsContainerView.swift in Sources */ = {isa = PBXBuildFile; fileRef = 7FAFFD1B2535DB9E00C876F0 /* CellMainContentsContainerView.swift */; };
		7FAFFD1D2535DB9E00C876F0 /* CellMainContentsContainerView.swift in Sources */ = {isa = PBXBuildFile; fileRef = 7FAFFD1B2535DB9E00C876F0 /* CellMainContentsContainerView.swift */; };
		7FAFFD2225362A2D00C876F0 /* ColourBarView.swift in Sources */ = {isa = PBXBuildFile; fileRef = 7FAFFD2125362A2D00C876F0 /* ColourBarView.swift */; };
		7FAFFD2325362A2D00C876F0 /* ColourBarView.swift in Sources */ = {isa = PBXBuildFile; fileRef = 7FAFFD2125362A2D00C876F0 /* ColourBarView.swift */; };
		7FAFFD2F25364BB100C876F0 /* UICollectionViewCombineDataSourcesTests.swift in Sources */ = {isa = PBXBuildFile; fileRef = 7FAFFD2E25364BB100C876F0 /* UICollectionViewCombineDataSourcesTests.swift */; };
		7FAFFD352536508D00C876F0 /* UITestData.swift in Sources */ = {isa = PBXBuildFile; fileRef = 7FAFFD342536508D00C876F0 /* UITestData.swift */; };
		7FAFFD362536508D00C876F0 /* UITestData.swift in Sources */ = {isa = PBXBuildFile; fileRef = 7FAFFD342536508D00C876F0 /* UITestData.swift */; };
		7FFBE1DC2987CAB900507F89 /* APIClient.swift in Sources */ = {isa = PBXBuildFile; fileRef = 7FFBE1DB2987CAB900507F89 /* APIClient.swift */; };
		7FFBE1DE2987CF4500507F89 /* UniversityViewModel.swift in Sources */ = {isa = PBXBuildFile; fileRef = 7FFBE1DD2987CF4500507F89 /* UniversityViewModel.swift */; };
		7FFBE1E02987D52300507F89 /* HomeListViewController.swift in Sources */ = {isa = PBXBuildFile; fileRef = 7FFBE1DF2987D52300507F89 /* HomeListViewController.swift */; };
		7FFFE0B6298AD45700CD60E5 /* UniversityViewModel.swift in Sources */ = {isa = PBXBuildFile; fileRef = 7FFBE1DD2987CF4500507F89 /* UniversityViewModel.swift */; };
		7FFFE0B7298AD47900CD60E5 /* APIClient.swift in Sources */ = {isa = PBXBuildFile; fileRef = 7FFBE1DB2987CAB900507F89 /* APIClient.swift */; };
		7FFFE0B9298BCF1400CD60E5 /* APIClient+Endpoints.swift in Sources */ = {isa = PBXBuildFile; fileRef = 7FFFE0B8298BCF1400CD60E5 /* APIClient+Endpoints.swift */; };
		7FFFE0BA298BCF1400CD60E5 /* APIClient+Endpoints.swift in Sources */ = {isa = PBXBuildFile; fileRef = 7FFFE0B8298BCF1400CD60E5 /* APIClient+Endpoints.swift */; };
/* End PBXBuildFile section */

/* Begin PBXContainerItemProxy section */
		7F5332A5253207DC00E86AEA /* PBXContainerItemProxy */ = {
			isa = PBXContainerItemProxy;
			containerPortal = 7F533286253207DA00E86AEA /* Project object */;
			proxyType = 1;
			remoteGlobalIDString = 7F53328D253207DA00E86AEA;
			remoteInfo = UniHub;
		};
		7F5332B0253207DC00E86AEA /* PBXContainerItemProxy */ = {
			isa = PBXContainerItemProxy;
			containerPortal = 7F533286253207DA00E86AEA /* Project object */;
			proxyType = 1;
			remoteGlobalIDString = 7F53328D253207DA00E86AEA;
			remoteInfo = UniHub;
		};
/* End PBXContainerItemProxy section */

/* Begin PBXFileReference section */
		7F0B21B4253500C50054857C /* HomeListCollectionViewCell.swift */ = {isa = PBXFileReference; lastKnownFileType = sourcecode.swift; path = HomeListCollectionViewCell.swift; sourceTree = "<group>"; };
		7F0B21E82535AF190054857C /* WKWebView+Load.swift */ = {isa = PBXFileReference; lastKnownFileType = sourcecode.swift; path = "WKWebView+Load.swift"; sourceTree = "<group>"; };
		7F53328E253207DA00E86AEA /* UniHub.app */ = {isa = PBXFileReference; explicitFileType = wrapper.application; includeInIndex = 0; path = UniHub.app; sourceTree = BUILT_PRODUCTS_DIR; };
		7F533291253207DA00E86AEA /* AppDelegate.swift */ = {isa = PBXFileReference; lastKnownFileType = sourcecode.swift; path = AppDelegate.swift; sourceTree = "<group>"; };
		7F533293253207DA00E86AEA /* SceneDelegate.swift */ = {isa = PBXFileReference; lastKnownFileType = sourcecode.swift; path = SceneDelegate.swift; sourceTree = "<group>"; };
		7F533298253207DA00E86AEA /* Base */ = {isa = PBXFileReference; lastKnownFileType = file.storyboard; name = Base; path = Base.lproj/Main.storyboard; sourceTree = "<group>"; };
		7F53329A253207DC00E86AEA /* Assets.xcassets */ = {isa = PBXFileReference; lastKnownFileType = folder.assetcatalog; path = Assets.xcassets; sourceTree = "<group>"; };
		7F53329D253207DC00E86AEA /* Base */ = {isa = PBXFileReference; lastKnownFileType = file.storyboard; name = Base; path = Base.lproj/LaunchScreen.storyboard; sourceTree = "<group>"; };
		7F53329F253207DC00E86AEA /* Info.plist */ = {isa = PBXFileReference; lastKnownFileType = text.plist.xml; path = Info.plist; sourceTree = "<group>"; };
		7F5332A4253207DC00E86AEA /* UniHubTests.xctest */ = {isa = PBXFileReference; explicitFileType = wrapper.cfbundle; includeInIndex = 0; path = UniHubTests.xctest; sourceTree = BUILT_PRODUCTS_DIR; };
		7F5332AA253207DC00E86AEA /* Info.plist */ = {isa = PBXFileReference; lastKnownFileType = text.plist.xml; path = Info.plist; sourceTree = "<group>"; };
		7F5332AF253207DC00E86AEA /* UniHubUITests.xctest */ = {isa = PBXFileReference; explicitFileType = wrapper.cfbundle; includeInIndex = 0; path = UniHubUITests.xctest; sourceTree = BUILT_PRODUCTS_DIR; };
		7F5332B3253207DC00E86AEA /* UniHubUITests.swift */ = {isa = PBXFileReference; lastKnownFileType = sourcecode.swift; path = UniHubUITests.swift; sourceTree = "<group>"; };
		7F5332B5253207DC00E86AEA /* Info.plist */ = {isa = PBXFileReference; lastKnownFileType = text.plist.xml; path = Info.plist; sourceTree = "<group>"; };
		7F5332DB25320D8600E86AEA /* APIError.swift */ = {isa = PBXFileReference; lastKnownFileType = sourcecode.swift; path = APIError.swift; sourceTree = "<group>"; };
		7F5332EA25347AD300E86AEA /* University.swift */ = {isa = PBXFileReference; lastKnownFileType = sourcecode.swift; path = University.swift; sourceTree = "<group>"; };
		7F5332F32534AE7A00E86AEA /* UniversityModelTests.swift */ = {isa = PBXFileReference; lastKnownFileType = sourcecode.swift; path = UniversityModelTests.swift; sourceTree = "<group>"; };
		7F5333022534B8CD00E86AEA /* APIClientTests.swift */ = {isa = PBXFileReference; lastKnownFileType = sourcecode.swift; path = APIClientTests.swift; sourceTree = "<group>"; };
		7F53330A2534BC4200E86AEA /* NetworkUtilities.swift */ = {isa = PBXFileReference; lastKnownFileType = sourcecode.swift; path = NetworkUtilities.swift; sourceTree = "<group>"; };
		7F53331C2534E43B00E86AEA /* HomeListViewControllerTests.swift */ = {isa = PBXFileReference; lastKnownFileType = sourcecode.swift; path = HomeListViewControllerTests.swift; sourceTree = "<group>"; };
		7F822F1725366DC400DCC63D /* AppTestData.swift */ = {isa = PBXFileReference; lastKnownFileType = sourcecode.swift; path = AppTestData.swift; sourceTree = "<group>"; };
		7F822F222536837700DCC63D /* NetworkHandler.swift */ = {isa = PBXFileReference; lastKnownFileType = sourcecode.swift; path = NetworkHandler.swift; sourceTree = "<group>"; };
		7F822F27253684C700DCC63D /* RefreshButton.swift */ = {isa = PBXFileReference; lastKnownFileType = sourcecode.swift; path = RefreshButton.swift; sourceTree = "<group>"; };
		7F822F332536E82100DCC63D /* URLProtocolMock.swift */ = {isa = PBXFileReference; lastKnownFileType = sourcecode.swift; path = URLProtocolMock.swift; sourceTree = "<group>"; };
		7F822F5D2538843600DCC63D /* UniversityViewModelTests.swift */ = {isa = PBXFileReference; lastKnownFileType = sourcecode.swift; path = UniversityViewModelTests.swift; sourceTree = "<group>"; };
		7FAFFCDC2535B73F00C876F0 /* WKWebViewController.swift */ = {isa = PBXFileReference; lastKnownFileType = sourcecode.swift; path = WKWebViewController.swift; sourceTree = "<group>"; };
		7FAFFCE32535B76700C876F0 /* WKWebViewController.storyboard */ = {isa = PBXFileReference; lastKnownFileType = file.storyboard; path = WKWebViewController.storyboard; sourceTree = "<group>"; };
		7FAFFCEF2535BAD000C876F0 /* CreateAlert.swift */ = {isa = PBXFileReference; lastKnownFileType = sourcecode.swift; path = CreateAlert.swift; sourceTree = "<group>"; };
		7FAFFD082535BD3800C876F0 /* CreateAlertViewUtilityTests.swift */ = {isa = PBXFileReference; lastKnownFileType = sourcecode.swift; path = CreateAlertViewUtilityTests.swift; sourceTree = "<group>"; };
		7FAFFD1B2535DB9E00C876F0 /* CellMainContentsContainerView.swift */ = {isa = PBXFileReference; lastKnownFileType = sourcecode.swift; path = CellMainContentsContainerView.swift; sourceTree = "<group>"; };
		7FAFFD2125362A2D00C876F0 /* ColourBarView.swift */ = {isa = PBXFileReference; lastKnownFileType = sourcecode.swift; path = ColourBarView.swift; sourceTree = "<group>"; };
		7FAFFD2E25364BB100C876F0 /* UICollectionViewCombineDataSourcesTests.swift */ = {isa = PBXFileReference; lastKnownFileType = sourcecode.swift; path = UICollectionViewCombineDataSourcesTests.swift; sourceTree = "<group>"; };
		7FAFFD342536508D00C876F0 /* UITestData.swift */ = {isa = PBXFileReference; lastKnownFileType = sourcecode.swift; path = UITestData.swift; sourceTree = "<group>"; };
		7FFBE1DB2987CAB900507F89 /* APIClient.swift */ = {isa = PBXFileReference; lastKnownFileType = sourcecode.swift; path = APIClient.swift; sourceTree = "<group>"; };
		7FFBE1DD2987CF4500507F89 /* UniversityViewModel.swift */ = {isa = PBXFileReference; lastKnownFileType = sourcecode.swift; path = UniversityViewModel.swift; sourceTree = "<group>"; };
		7FFBE1DF2987D52300507F89 /* HomeListViewController.swift */ = {isa = PBXFileReference; lastKnownFileType = sourcecode.swift; path = HomeListViewController.swift; sourceTree = "<group>"; };
		7FFFE0B8298BCF1400CD60E5 /* APIClient+Endpoints.swift */ = {isa = PBXFileReference; lastKnownFileType = sourcecode.swift; path = "APIClient+Endpoints.swift"; sourceTree = "<group>"; };
/* End PBXFileReference section */

/* Begin PBXFrameworksBuildPhase section */
		7F53328B253207DA00E86AEA /* Frameworks */ = {
			isa = PBXFrameworksBuildPhase;
			buildActionMask = 2147483647;
			files = (
			);
			runOnlyForDeploymentPostprocessing = 0;
		};
		7F5332A1253207DC00E86AEA /* Frameworks */ = {
			isa = PBXFrameworksBuildPhase;
			buildActionMask = 2147483647;
			files = (
			);
			runOnlyForDeploymentPostprocessing = 0;
		};
		7F5332AC253207DC00E86AEA /* Frameworks */ = {
			isa = PBXFrameworksBuildPhase;
			buildActionMask = 2147483647;
			files = (
			);
			runOnlyForDeploymentPostprocessing = 0;
		};
/* End PBXFrameworksBuildPhase section */

/* Begin PBXGroup section */
		7F0B21B3253500B20054857C /* Cells */ = {
			isa = PBXGroup;
			children = (
				7F0B21B4253500C50054857C /* HomeListCollectionViewCell.swift */,
				7FAFFD1B2535DB9E00C876F0 /* CellMainContentsContainerView.swift */,
			);
			path = Cells;
			sourceTree = "<group>";
		};
		7F0B21D42535AC800054857C /* Website View */ = {
			isa = PBXGroup;
			children = (
				7F0B21E72535AF050054857C /* Extensions */,
				7FAFFCDC2535B73F00C876F0 /* WKWebViewController.swift */,
				7FAFFCE32535B76700C876F0 /* WKWebViewController.storyboard */,
			);
			path = "Website View";
			sourceTree = "<group>";
		};
		7F0B21E72535AF050054857C /* Extensions */ = {
			isa = PBXGroup;
			children = (
				7F0B21E82535AF190054857C /* WKWebView+Load.swift */,
			);
			path = Extensions;
			sourceTree = "<group>";
		};
		7F533285253207DA00E86AEA = {
			isa = PBXGroup;
			children = (
				7F533290253207DA00E86AEA /* UniHub */,
				7F5332A7253207DC00E86AEA /* UniHubTests */,
				7F5332B2253207DC00E86AEA /* UniHubUITests */,
				7F53328F253207DA00E86AEA /* Products */,
			);
			sourceTree = "<group>";
		};
		7F53328F253207DA00E86AEA /* Products */ = {
			isa = PBXGroup;
			children = (
				7F53328E253207DA00E86AEA /* UniHub.app */,
				7F5332A4253207DC00E86AEA /* UniHubTests.xctest */,
				7F5332AF253207DC00E86AEA /* UniHubUITests.xctest */,
			);
			name = Products;
			sourceTree = "<group>";
		};
		7F533290253207DA00E86AEA /* UniHub */ = {
			isa = PBXGroup;
			children = (
				7F0B21D42535AC800054857C /* Website View */,
				7F5332C725320B3500E86AEA /* UniAPI */,
				7F5332C525320ADB00E86AEA /* HomeList */,
				7F5332C425320ACA00E86AEA /* App */,
				7F53329A253207DC00E86AEA /* Assets.xcassets */,
				7F53329C253207DC00E86AEA /* LaunchScreen.storyboard */,
				7F53329F253207DC00E86AEA /* Info.plist */,
			);
			path = UniHub;
			sourceTree = "<group>";
		};
		7F5332A7253207DC00E86AEA /* UniHubTests */ = {
			isa = PBXGroup;
			children = (
				7F822F5C2538842200DCC63D /* View Model Tests */,
				7F822F1625366DAA00DCC63D /* Test Data */,
				7F5333012534B89A00E86AEA /* Networking Tests */,
				7F5332F22534AE5B00E86AEA /* Model Tests */,
				7F5332AA253207DC00E86AEA /* Info.plist */,
			);
			path = UniHubTests;
			sourceTree = "<group>";
		};
		7F5332B2253207DC00E86AEA /* UniHubUITests */ = {
			isa = PBXGroup;
			children = (
				7FAFFD332536508000C876F0 /* Test Data */,
				7F53331B2534E41E00E86AEA /* View Controller Tests */,
				7F5332B3253207DC00E86AEA /* UniHubUITests.swift */,
				7F5332B5253207DC00E86AEA /* Info.plist */,
			);
			path = UniHubUITests;
			sourceTree = "<group>";
		};
		7F5332C425320ACA00E86AEA /* App */ = {
			isa = PBXGroup;
			children = (
				7F533291253207DA00E86AEA /* AppDelegate.swift */,
				7F533293253207DA00E86AEA /* SceneDelegate.swift */,
			);
			path = App;
			sourceTree = "<group>";
		};
		7F5332C525320ADB00E86AEA /* HomeList */ = {
			isa = PBXGroup;
			children = (
				7F5332E925347ABD00E86AEA /* Models */,
				7F5332E0253239BF00E86AEA /* View Models */,
				7F5332C625320B1100E86AEA /* Views */,
			);
			path = HomeList;
			sourceTree = "<group>";
		};
		7F5332C625320B1100E86AEA /* Views */ = {
			isa = PBXGroup;
			children = (
				7FAFFD2A253631B000C876F0 /* Custom Views */,
				7FAFFCEE2535BABB00C876F0 /* Utilities */,
				7FAFFCEC2535BA4800C876F0 /* Home List */,
			);
			path = Views;
			sourceTree = "<group>";
		};
		7F5332C725320B3500E86AEA /* UniAPI */ = {
			isa = PBXGroup;
			children = (
				7F5332D525320C8000E86AEA /* Utilities */,
				7F5332DB25320D8600E86AEA /* APIError.swift */,
				7FFBE1DB2987CAB900507F89 /* APIClient.swift */,
				7FFFE0B8298BCF1400CD60E5 /* APIClient+Endpoints.swift */,
			);
			path = UniAPI;
			sourceTree = "<group>";
		};
		7F5332D525320C8000E86AEA /* Utilities */ = {
			isa = PBXGroup;
			children = (
				7F53330A2534BC4200E86AEA /* NetworkUtilities.swift */,
				7F822F222536837700DCC63D /* NetworkHandler.swift */,
			);
			path = Utilities;
			sourceTree = "<group>";
		};
		7F5332E0253239BF00E86AEA /* View Models */ = {
			isa = PBXGroup;
			children = (
				7FFBE1DD2987CF4500507F89 /* UniversityViewModel.swift */,
			);
			path = "View Models";
			sourceTree = "<group>";
		};
		7F5332E925347ABD00E86AEA /* Models */ = {
			isa = PBXGroup;
			children = (
				7F5332EA25347AD300E86AEA /* University.swift */,
			);
			path = Models;
			sourceTree = "<group>";
		};
		7F5332F22534AE5B00E86AEA /* Model Tests */ = {
			isa = PBXGroup;
			children = (
				7F5332F32534AE7A00E86AEA /* UniversityModelTests.swift */,
			);
			path = "Model Tests";
			sourceTree = "<group>";
		};
		7F5333012534B89A00E86AEA /* Networking Tests */ = {
			isa = PBXGroup;
			children = (
				7F5333022534B8CD00E86AEA /* APIClientTests.swift */,
				7F822F332536E82100DCC63D /* URLProtocolMock.swift */,
			);
			path = "Networking Tests";
			sourceTree = "<group>";
		};
		7F53331B2534E41E00E86AEA /* View Controller Tests */ = {
			isa = PBXGroup;
			children = (
				7FAFFD072535BD0E00C876F0 /* View Utilities Tests */,
				7F53331C2534E43B00E86AEA /* HomeListViewControllerTests.swift */,
				7FAFFD2E25364BB100C876F0 /* UICollectionViewCombineDataSourcesTests.swift */,
			);
			path = "View Controller Tests";
			sourceTree = "<group>";
		};
		7F822F1625366DAA00DCC63D /* Test Data */ = {
			isa = PBXGroup;
			children = (
				7F822F1725366DC400DCC63D /* AppTestData.swift */,
			);
			path = "Test Data";
			sourceTree = "<group>";
		};
		7F822F5C2538842200DCC63D /* View Model Tests */ = {
			isa = PBXGroup;
			children = (
				7F822F5D2538843600DCC63D /* UniversityViewModelTests.swift */,
			);
			path = "View Model Tests";
			sourceTree = "<group>";
		};
		7FAFFCEC2535BA4800C876F0 /* Home List */ = {
			isa = PBXGroup;
			children = (
				7F0B21B3253500B20054857C /* Cells */,
				7F533297253207DA00E86AEA /* Main.storyboard */,
				7FFBE1DF2987D52300507F89 /* HomeListViewController.swift */,
			);
			path = "Home List";
			sourceTree = "<group>";
		};
		7FAFFCEE2535BABB00C876F0 /* Utilities */ = {
			isa = PBXGroup;
			children = (
				7FAFFCEF2535BAD000C876F0 /* CreateAlert.swift */,
			);
			path = Utilities;
			sourceTree = "<group>";
		};
		7FAFFD072535BD0E00C876F0 /* View Utilities Tests */ = {
			isa = PBXGroup;
			children = (
				7FAFFD082535BD3800C876F0 /* CreateAlertViewUtilityTests.swift */,
			);
			path = "View Utilities Tests";
			sourceTree = "<group>";
		};
		7FAFFD2A253631B000C876F0 /* Custom Views */ = {
			isa = PBXGroup;
			children = (
				7FAFFD2125362A2D00C876F0 /* ColourBarView.swift */,
				7F822F27253684C700DCC63D /* RefreshButton.swift */,
			);
			path = "Custom Views";
			sourceTree = "<group>";
		};
		7FAFFD332536508000C876F0 /* Test Data */ = {
			isa = PBXGroup;
			children = (
				7FAFFD342536508D00C876F0 /* UITestData.swift */,
			);
			path = "Test Data";
			sourceTree = "<group>";
		};
/* End PBXGroup section */

/* Begin PBXNativeTarget section */
		7F53328D253207DA00E86AEA /* UniHub */ = {
			isa = PBXNativeTarget;
			buildConfigurationList = 7F5332B8253207DD00E86AEA /* Build configuration list for PBXNativeTarget "UniHub" */;
			buildPhases = (
				7F53328A253207DA00E86AEA /* Sources */,
				7F53328B253207DA00E86AEA /* Frameworks */,
				7F53328C253207DA00E86AEA /* Resources */,
			);
			buildRules = (
			);
			dependencies = (
			);
			name = UniHub;
			productName = UniHub;
			productReference = 7F53328E253207DA00E86AEA /* UniHub.app */;
			productType = "com.apple.product-type.application";
		};
		7F5332A3253207DC00E86AEA /* UniHubTests */ = {
			isa = PBXNativeTarget;
			buildConfigurationList = 7F5332BB253207DD00E86AEA /* Build configuration list for PBXNativeTarget "UniHubTests" */;
			buildPhases = (
				7F5332A0253207DC00E86AEA /* Sources */,
				7F5332A1253207DC00E86AEA /* Frameworks */,
				7F5332A2253207DC00E86AEA /* Resources */,
			);
			buildRules = (
			);
			dependencies = (
				7F5332A6253207DC00E86AEA /* PBXTargetDependency */,
			);
			name = UniHubTests;
			productName = UniHubTests;
			productReference = 7F5332A4253207DC00E86AEA /* UniHubTests.xctest */;
			productType = "com.apple.product-type.bundle.unit-test";
		};
		7F5332AE253207DC00E86AEA /* UniHubUITests */ = {
			isa = PBXNativeTarget;
			buildConfigurationList = 7F5332BE253207DD00E86AEA /* Build configuration list for PBXNativeTarget "UniHubUITests" */;
			buildPhases = (
				7F5332AB253207DC00E86AEA /* Sources */,
				7F5332AC253207DC00E86AEA /* Frameworks */,
				7F5332AD253207DC00E86AEA /* Resources */,
			);
			buildRules = (
			);
			dependencies = (
				7F5332B1253207DC00E86AEA /* PBXTargetDependency */,
			);
			name = UniHubUITests;
			productName = UniHubUITests;
			productReference = 7F5332AF253207DC00E86AEA /* UniHubUITests.xctest */;
			productType = "com.apple.product-type.bundle.ui-testing";
		};
/* End PBXNativeTarget section */

/* Begin PBXProject section */
		7F533286253207DA00E86AEA /* Project object */ = {
			isa = PBXProject;
			attributes = {
				LastSwiftUpdateCheck = 1200;
				LastUpgradeCheck = 1200;
				TargetAttributes = {
					7F53328D253207DA00E86AEA = {
						CreatedOnToolsVersion = 12.0;
					};
					7F5332A3253207DC00E86AEA = {
						CreatedOnToolsVersion = 12.0;
						TestTargetID = 7F53328D253207DA00E86AEA;
					};
					7F5332AE253207DC00E86AEA = {
						CreatedOnToolsVersion = 12.0;
						TestTargetID = 7F53328D253207DA00E86AEA;
					};
				};
			};
			buildConfigurationList = 7F533289253207DA00E86AEA /* Build configuration list for PBXProject "UniHub" */;
			compatibilityVersion = "Xcode 9.3";
			developmentRegion = en;
			hasScannedForEncodings = 0;
			knownRegions = (
				en,
				Base,
			);
			mainGroup = 7F533285253207DA00E86AEA;
			productRefGroup = 7F53328F253207DA00E86AEA /* Products */;
			projectDirPath = "";
			projectRoot = "";
			targets = (
				7F53328D253207DA00E86AEA /* UniHub */,
				7F5332A3253207DC00E86AEA /* UniHubTests */,
				7F5332AE253207DC00E86AEA /* UniHubUITests */,
			);
		};
/* End PBXProject section */

/* Begin PBXResourcesBuildPhase section */
		7F53328C253207DA00E86AEA /* Resources */ = {
			isa = PBXResourcesBuildPhase;
			buildActionMask = 2147483647;
			files = (
				7F53329E253207DC00E86AEA /* LaunchScreen.storyboard in Resources */,
				7F53329B253207DC00E86AEA /* Assets.xcassets in Resources */,
				7F533299253207DA00E86AEA /* Main.storyboard in Resources */,
				7FAFFCE42535B76700C876F0 /* WKWebViewController.storyboard in Resources */,
			);
			runOnlyForDeploymentPostprocessing = 0;
		};
		7F5332A2253207DC00E86AEA /* Resources */ = {
			isa = PBXResourcesBuildPhase;
			buildActionMask = 2147483647;
			files = (
			);
			runOnlyForDeploymentPostprocessing = 0;
		};
		7F5332AD253207DC00E86AEA /* Resources */ = {
			isa = PBXResourcesBuildPhase;
			buildActionMask = 2147483647;
			files = (
				7F5333662534ED4000E86AEA /* Main.storyboard in Resources */,
				7FAFFCE52535B76700C876F0 /* WKWebViewController.storyboard in Resources */,
				7F5333732534EE0000E86AEA /* LaunchScreen.storyboard in Resources */,
			);
			runOnlyForDeploymentPostprocessing = 0;
		};
/* End PBXResourcesBuildPhase section */

/* Begin PBXSourcesBuildPhase section */
		7F53328A253207DA00E86AEA /* Sources */ = {
			isa = PBXSourcesBuildPhase;
			buildActionMask = 2147483647;
			files = (
				7FFBE1E02987D52300507F89 /* HomeListViewController.swift in Sources */,
				7F53330B2534BC4200E86AEA /* NetworkUtilities.swift in Sources */,
				7FAFFD2225362A2D00C876F0 /* ColourBarView.swift in Sources */,
				7FFFE0B9298BCF1400CD60E5 /* APIClient+Endpoints.swift in Sources */,
				7FAFFD352536508D00C876F0 /* UITestData.swift in Sources */,
				7F533292253207DA00E86AEA /* AppDelegate.swift in Sources */,
				7FFBE1DE2987CF4500507F89 /* UniversityViewModel.swift in Sources */,
				7F822F28253684C700DCC63D /* RefreshButton.swift in Sources */,
				7FFBE1DC2987CAB900507F89 /* APIClient.swift in Sources */,
				7F0B21E92535AF190054857C /* WKWebView+Load.swift in Sources */,
				7F533294253207DA00E86AEA /* SceneDelegate.swift in Sources */,
				7F822F232536837700DCC63D /* NetworkHandler.swift in Sources */,
				7F5332EB25347AD400E86AEA /* University.swift in Sources */,
				7FAFFCF02535BAD000C876F0 /* CreateAlert.swift in Sources */,
				7FAFFD1C2535DB9E00C876F0 /* CellMainContentsContainerView.swift in Sources */,
				7FAFFCDE2535B73F00C876F0 /* WKWebViewController.swift in Sources */,
				7F0B21B5253500C50054857C /* HomeListCollectionViewCell.swift in Sources */,
				7F5332DC25320D8700E86AEA /* APIError.swift in Sources */,
			);
			runOnlyForDeploymentPostprocessing = 0;
		};
		7F5332A0253207DC00E86AEA /* Sources */ = {
			isa = PBXSourcesBuildPhase;
			buildActionMask = 2147483647;
			files = (
				7F5333032534B8CD00E86AEA /* APIClientTests.swift in Sources */,
				7F822F1825366DC400DCC63D /* AppTestData.swift in Sources */,
				7F5332F42534AE7A00E86AEA /* UniversityModelTests.swift in Sources */,
				7FFFE0BA298BCF1400CD60E5 /* APIClient+Endpoints.swift in Sources */,
				7FFFE0B7298AD47900CD60E5 /* APIClient.swift in Sources */,
				7F53334A2534ED3200E86AEA /* NetworkUtilities.swift in Sources */,
				7F53333A2534ED1200E86AEA /* University.swift in Sources */,
				7F822F342536E82100DCC63D /* URLProtocolMock.swift in Sources */,
				7F822F5E2538843600DCC63D /* UniversityViewModelTests.swift in Sources */,
				7FFFE0B6298AD45700CD60E5 /* UniversityViewModel.swift in Sources */,
				7F53335A2534ED3800E86AEA /* APIError.swift in Sources */,
			);
			runOnlyForDeploymentPostprocessing = 0;
		};
		7F5332AB253207DC00E86AEA /* Sources */ = {
			isa = PBXSourcesBuildPhase;
			buildActionMask = 2147483647;
			files = (
				7FAFFD2F25364BB100C876F0 /* UICollectionViewCombineDataSourcesTests.swift in Sources */,
				7FAFFD102535BF6600C876F0 /* WKWebViewController.swift in Sources */,
				7F0B21D0253510D50054857C /* HomeListCollectionViewCell.swift in Sources */,
				7F5332B4253207DC00E86AEA /* UniHubUITests.swift in Sources */,
				7FAFFD092535BD3800C876F0 /* CreateAlertViewUtilityTests.swift in Sources */,
				7FAFFCF12535BAD000C876F0 /* CreateAlert.swift in Sources */,
				7FAFFD1D2535DB9E00C876F0 /* CellMainContentsContainerView.swift in Sources */,
				7FAFFD362536508D00C876F0 /* UITestData.swift in Sources */,
				7FAFFD2325362A2D00C876F0 /* ColourBarView.swift in Sources */,
				7F53331D2534E43B00E86AEA /* HomeListViewControllerTests.swift in Sources */,
				7F0B21EA2535AF190054857C /* WKWebView+Load.swift in Sources */,
				7F53334E2534ED3200E86AEA /* NetworkUtilities.swift in Sources */,
				7F53333E2534ED1300E86AEA /* University.swift in Sources */,
				7F822F3C2536EA1D00DCC63D /* RefreshButton.swift in Sources */,
				7F53335E2534ED3900E86AEA /* APIError.swift in Sources */,
				7F822F382536EA1700DCC63D /* NetworkHandler.swift in Sources */,
			);
			runOnlyForDeploymentPostprocessing = 0;
		};
/* End PBXSourcesBuildPhase section */

/* Begin PBXTargetDependency section */
		7F5332A6253207DC00E86AEA /* PBXTargetDependency */ = {
			isa = PBXTargetDependency;
			target = 7F53328D253207DA00E86AEA /* UniHub */;
			targetProxy = 7F5332A5253207DC00E86AEA /* PBXContainerItemProxy */;
		};
		7F5332B1253207DC00E86AEA /* PBXTargetDependency */ = {
			isa = PBXTargetDependency;
			target = 7F53328D253207DA00E86AEA /* UniHub */;
			targetProxy = 7F5332B0253207DC00E86AEA /* PBXContainerItemProxy */;
		};
/* End PBXTargetDependency section */

/* Begin PBXVariantGroup section */
		7F533297253207DA00E86AEA /* Main.storyboard */ = {
			isa = PBXVariantGroup;
			children = (
				7F533298253207DA00E86AEA /* Base */,
			);
			name = Main.storyboard;
			sourceTree = "<group>";
		};
		7F53329C253207DC00E86AEA /* LaunchScreen.storyboard */ = {
			isa = PBXVariantGroup;
			children = (
				7F53329D253207DC00E86AEA /* Base */,
			);
			name = LaunchScreen.storyboard;
			sourceTree = "<group>";
		};
/* End PBXVariantGroup section */

/* Begin XCBuildConfiguration section */
		7F5332B6253207DD00E86AEA /* Debug */ = {
			isa = XCBuildConfiguration;
			buildSettings = {
				ALWAYS_SEARCH_USER_PATHS = NO;
				CLANG_ANALYZER_NONNULL = YES;
				CLANG_ANALYZER_NUMBER_OBJECT_CONVERSION = YES_AGGRESSIVE;
				CLANG_CXX_LANGUAGE_STANDARD = "gnu++14";
				CLANG_CXX_LIBRARY = "libc++";
				CLANG_ENABLE_MODULES = YES;
				CLANG_ENABLE_OBJC_ARC = YES;
				CLANG_ENABLE_OBJC_WEAK = YES;
				CLANG_WARN_BLOCK_CAPTURE_AUTORELEASING = YES;
				CLANG_WARN_BOOL_CONVERSION = YES;
				CLANG_WARN_COMMA = YES;
				CLANG_WARN_CONSTANT_CONVERSION = YES;
				CLANG_WARN_DEPRECATED_OBJC_IMPLEMENTATIONS = YES;
				CLANG_WARN_DIRECT_OBJC_ISA_USAGE = YES_ERROR;
				CLANG_WARN_DOCUMENTATION_COMMENTS = YES;
				CLANG_WARN_EMPTY_BODY = YES;
				CLANG_WARN_ENUM_CONVERSION = YES;
				CLANG_WARN_INFINITE_RECURSION = YES;
				CLANG_WARN_INT_CONVERSION = YES;
				CLANG_WARN_NON_LITERAL_NULL_CONVERSION = YES;
				CLANG_WARN_OBJC_IMPLICIT_RETAIN_SELF = YES;
				CLANG_WARN_OBJC_LITERAL_CONVERSION = YES;
				CLANG_WARN_OBJC_ROOT_CLASS = YES_ERROR;
				CLANG_WARN_QUOTED_INCLUDE_IN_FRAMEWORK_HEADER = YES;
				CLANG_WARN_RANGE_LOOP_ANALYSIS = YES;
				CLANG_WARN_STRICT_PROTOTYPES = YES;
				CLANG_WARN_SUSPICIOUS_MOVE = YES;
				CLANG_WARN_UNGUARDED_AVAILABILITY = YES_AGGRESSIVE;
				CLANG_WARN_UNREACHABLE_CODE = YES;
				CLANG_WARN__DUPLICATE_METHOD_MATCH = YES;
				COPY_PHASE_STRIP = NO;
				DEBUG_INFORMATION_FORMAT = dwarf;
				ENABLE_STRICT_OBJC_MSGSEND = YES;
				ENABLE_TESTABILITY = YES;
				GCC_C_LANGUAGE_STANDARD = gnu11;
				GCC_DYNAMIC_NO_PIC = NO;
				GCC_NO_COMMON_BLOCKS = YES;
				GCC_OPTIMIZATION_LEVEL = 0;
				GCC_PREPROCESSOR_DEFINITIONS = (
					"DEBUG=1",
					"$(inherited)",
				);
				GCC_WARN_64_TO_32_BIT_CONVERSION = YES;
				GCC_WARN_ABOUT_RETURN_TYPE = YES_ERROR;
				GCC_WARN_UNDECLARED_SELECTOR = YES;
				GCC_WARN_UNINITIALIZED_AUTOS = YES_AGGRESSIVE;
				GCC_WARN_UNUSED_FUNCTION = YES;
				GCC_WARN_UNUSED_VARIABLE = YES;
				IPHONEOS_DEPLOYMENT_TARGET = 14.0;
				MTL_ENABLE_DEBUG_INFO = INCLUDE_SOURCE;
				MTL_FAST_MATH = YES;
				ONLY_ACTIVE_ARCH = YES;
				SDKROOT = iphoneos;
				SWIFT_ACTIVE_COMPILATION_CONDITIONS = DEBUG;
				SWIFT_OPTIMIZATION_LEVEL = "-Onone";
			};
			name = Debug;
		};
		7F5332B7253207DD00E86AEA /* Release */ = {
			isa = XCBuildConfiguration;
			buildSettings = {
				ALWAYS_SEARCH_USER_PATHS = NO;
				CLANG_ANALYZER_NONNULL = YES;
				CLANG_ANALYZER_NUMBER_OBJECT_CONVERSION = YES_AGGRESSIVE;
				CLANG_CXX_LANGUAGE_STANDARD = "gnu++14";
				CLANG_CXX_LIBRARY = "libc++";
				CLANG_ENABLE_MODULES = YES;
				CLANG_ENABLE_OBJC_ARC = YES;
				CLANG_ENABLE_OBJC_WEAK = YES;
				CLANG_WARN_BLOCK_CAPTURE_AUTORELEASING = YES;
				CLANG_WARN_BOOL_CONVERSION = YES;
				CLANG_WARN_COMMA = YES;
				CLANG_WARN_CONSTANT_CONVERSION = YES;
				CLANG_WARN_DEPRECATED_OBJC_IMPLEMENTATIONS = YES;
				CLANG_WARN_DIRECT_OBJC_ISA_USAGE = YES_ERROR;
				CLANG_WARN_DOCUMENTATION_COMMENTS = YES;
				CLANG_WARN_EMPTY_BODY = YES;
				CLANG_WARN_ENUM_CONVERSION = YES;
				CLANG_WARN_INFINITE_RECURSION = YES;
				CLANG_WARN_INT_CONVERSION = YES;
				CLANG_WARN_NON_LITERAL_NULL_CONVERSION = YES;
				CLANG_WARN_OBJC_IMPLICIT_RETAIN_SELF = YES;
				CLANG_WARN_OBJC_LITERAL_CONVERSION = YES;
				CLANG_WARN_OBJC_ROOT_CLASS = YES_ERROR;
				CLANG_WARN_QUOTED_INCLUDE_IN_FRAMEWORK_HEADER = YES;
				CLANG_WARN_RANGE_LOOP_ANALYSIS = YES;
				CLANG_WARN_STRICT_PROTOTYPES = YES;
				CLANG_WARN_SUSPICIOUS_MOVE = YES;
				CLANG_WARN_UNGUARDED_AVAILABILITY = YES_AGGRESSIVE;
				CLANG_WARN_UNREACHABLE_CODE = YES;
				CLANG_WARN__DUPLICATE_METHOD_MATCH = YES;
				COPY_PHASE_STRIP = NO;
				DEBUG_INFORMATION_FORMAT = "dwarf-with-dsym";
				ENABLE_NS_ASSERTIONS = NO;
				ENABLE_STRICT_OBJC_MSGSEND = YES;
				GCC_C_LANGUAGE_STANDARD = gnu11;
				GCC_NO_COMMON_BLOCKS = YES;
				GCC_WARN_64_TO_32_BIT_CONVERSION = YES;
				GCC_WARN_ABOUT_RETURN_TYPE = YES_ERROR;
				GCC_WARN_UNDECLARED_SELECTOR = YES;
				GCC_WARN_UNINITIALIZED_AUTOS = YES_AGGRESSIVE;
				GCC_WARN_UNUSED_FUNCTION = YES;
				GCC_WARN_UNUSED_VARIABLE = YES;
				IPHONEOS_DEPLOYMENT_TARGET = 14.0;
				MTL_ENABLE_DEBUG_INFO = NO;
				MTL_FAST_MATH = YES;
				SDKROOT = iphoneos;
				SWIFT_COMPILATION_MODE = wholemodule;
				SWIFT_OPTIMIZATION_LEVEL = "-O";
				VALIDATE_PRODUCT = YES;
			};
			name = Release;
		};
		7F5332B9253207DD00E86AEA /* Debug */ = {
			isa = XCBuildConfiguration;
			buildSettings = {
				ASSETCATALOG_COMPILER_APPICON_NAME = AppIcon;
				ASSETCATALOG_COMPILER_GLOBAL_ACCENT_COLOR_NAME = AccentColor;
				CODE_SIGN_STYLE = Automatic;
				DEVELOPMENT_TEAM = 9M742X5VBR;
				INFOPLIST_FILE = UniHub/Info.plist;
				LD_RUNPATH_SEARCH_PATHS = (
					"$(inherited)",
					"@executable_path/Frameworks",
				);
				PRODUCT_BUNDLE_IDENTIFIER = com.chrismclearnon.UniHub;
				PRODUCT_NAME = "$(TARGET_NAME)";
				SWIFT_VERSION = 5.0;
				TARGETED_DEVICE_FAMILY = 1;
			};
			name = Debug;
		};
		7F5332BA253207DD00E86AEA /* Release */ = {
			isa = XCBuildConfiguration;
			buildSettings = {
				ASSETCATALOG_COMPILER_APPICON_NAME = AppIcon;
				ASSETCATALOG_COMPILER_GLOBAL_ACCENT_COLOR_NAME = AccentColor;
				CODE_SIGN_STYLE = Automatic;
				DEVELOPMENT_TEAM = 9M742X5VBR;
				INFOPLIST_FILE = UniHub/Info.plist;
				LD_RUNPATH_SEARCH_PATHS = (
					"$(inherited)",
					"@executable_path/Frameworks",
				);
				PRODUCT_BUNDLE_IDENTIFIER = com.chrismclearnon.UniHub;
				PRODUCT_NAME = "$(TARGET_NAME)";
				SWIFT_VERSION = 5.0;
				TARGETED_DEVICE_FAMILY = 1;
			};
			name = Release;
		};
		7F5332BC253207DD00E86AEA /* Debug */ = {
			isa = XCBuildConfiguration;
			buildSettings = {
				ALWAYS_EMBED_SWIFT_STANDARD_LIBRARIES = YES;
				BUNDLE_LOADER = "$(TEST_HOST)";
				CODE_SIGN_STYLE = Automatic;
				DEVELOPMENT_TEAM = 9M742X5VBR;
				INFOPLIST_FILE = UniHubTests/Info.plist;
				IPHONEOS_DEPLOYMENT_TARGET = 14.0;
				LD_RUNPATH_SEARCH_PATHS = (
					"$(inherited)",
					"@executable_path/Frameworks",
					"@loader_path/Frameworks",
				);
				PRODUCT_BUNDLE_IDENTIFIER = com.chrismclearnon.UniHubTests;
				PRODUCT_NAME = "$(TARGET_NAME)";
				SWIFT_VERSION = 5.0;
				TARGETED_DEVICE_FAMILY = "1,2";
				TEST_HOST = "$(BUILT_PRODUCTS_DIR)/UniHub.app/UniHub";
			};
			name = Debug;
		};
		7F5332BD253207DD00E86AEA /* Release */ = {
			isa = XCBuildConfiguration;
			buildSettings = {
				ALWAYS_EMBED_SWIFT_STANDARD_LIBRARIES = YES;
				BUNDLE_LOADER = "$(TEST_HOST)";
				CODE_SIGN_STYLE = Automatic;
				DEVELOPMENT_TEAM = 9M742X5VBR;
				INFOPLIST_FILE = UniHubTests/Info.plist;
				IPHONEOS_DEPLOYMENT_TARGET = 14.0;
				LD_RUNPATH_SEARCH_PATHS = (
					"$(inherited)",
					"@executable_path/Frameworks",
					"@loader_path/Frameworks",
				);
				PRODUCT_BUNDLE_IDENTIFIER = com.chrismclearnon.UniHubTests;
				PRODUCT_NAME = "$(TARGET_NAME)";
				SWIFT_VERSION = 5.0;
				TARGETED_DEVICE_FAMILY = "1,2";
				TEST_HOST = "$(BUILT_PRODUCTS_DIR)/UniHub.app/UniHub";
			};
			name = Release;
		};
		7F5332BF253207DD00E86AEA /* Debug */ = {
			isa = XCBuildConfiguration;
			buildSettings = {
				ALWAYS_EMBED_SWIFT_STANDARD_LIBRARIES = YES;
				CODE_SIGN_STYLE = Automatic;
				DEVELOPMENT_TEAM = 9M742X5VBR;
				INFOPLIST_FILE = UniHubUITests/Info.plist;
				LD_RUNPATH_SEARCH_PATHS = (
					"$(inherited)",
					"@executable_path/Frameworks",
					"@loader_path/Frameworks",
				);
				PRODUCT_BUNDLE_IDENTIFIER = com.chrismclearnon.UniHubUITests;
				PRODUCT_NAME = "$(TARGET_NAME)";
				SWIFT_VERSION = 5.0;
				TARGETED_DEVICE_FAMILY = "1,2";
				TEST_TARGET_NAME = UniHub;
			};
			name = Debug;
		};
		7F5332C0253207DD00E86AEA /* Release */ = {
			isa = XCBuildConfiguration;
			buildSettings = {
				ALWAYS_EMBED_SWIFT_STANDARD_LIBRARIES = YES;
				CODE_SIGN_STYLE = Automatic;
				DEVELOPMENT_TEAM = 9M742X5VBR;
				INFOPLIST_FILE = UniHubUITests/Info.plist;
				LD_RUNPATH_SEARCH_PATHS = (
					"$(inherited)",
					"@executable_path/Frameworks",
					"@loader_path/Frameworks",
				);
				PRODUCT_BUNDLE_IDENTIFIER = com.chrismclearnon.UniHubUITests;
				PRODUCT_NAME = "$(TARGET_NAME)";
				SWIFT_VERSION = 5.0;
				TARGETED_DEVICE_FAMILY = "1,2";
				TEST_TARGET_NAME = UniHub;
			};
			name = Release;
		};
/* End XCBuildConfiguration section */

/* Begin XCConfigurationList section */
		7F533289253207DA00E86AEA /* Build configuration list for PBXProject "UniHub" */ = {
			isa = XCConfigurationList;
			buildConfigurations = (
				7F5332B6253207DD00E86AEA /* Debug */,
				7F5332B7253207DD00E86AEA /* Release */,
			);
			defaultConfigurationIsVisible = 0;
			defaultConfigurationName = Release;
		};
		7F5332B8253207DD00E86AEA /* Build configuration list for PBXNativeTarget "UniHub" */ = {
			isa = XCConfigurationList;
			buildConfigurations = (
				7F5332B9253207DD00E86AEA /* Debug */,
				7F5332BA253207DD00E86AEA /* Release */,
			);
			defaultConfigurationIsVisible = 0;
			defaultConfigurationName = Release;
		};
		7F5332BB253207DD00E86AEA /* Build configuration list for PBXNativeTarget "UniHubTests" */ = {
			isa = XCConfigurationList;
			buildConfigurations = (
				7F5332BC253207DD00E86AEA /* Debug */,
				7F5332BD253207DD00E86AEA /* Release */,
			);
			defaultConfigurationIsVisible = 0;
			defaultConfigurationName = Release;
		};
		7F5332BE253207DD00E86AEA /* Build configuration list for PBXNativeTarget "UniHubUITests" */ = {
			isa = XCConfigurationList;
			buildConfigurations = (
				7F5332BF253207DD00E86AEA /* Debug */,
				7F5332C0253207DD00E86AEA /* Release */,
			);
			defaultConfigurationIsVisible = 0;
			defaultConfigurationName = Release;
		};
/* End XCConfigurationList section */
	};
	rootObject = 7F533286253207DA00E86AEA /* Project object */;
}
